
Microsoft Visual Studio Solution File, Format Version 12.00
# Visual Studio Version 16
VisualStudioVersion = 16.0.31911.196
MinimumVisualStudioVersion = 10.0.40219.1
Project("{FAE04EC0-301F-11D3-BF4B-00C04F79EFBC}") = "WebApplication1", "WebApplication1\WebApplication1.csproj", "{FD2B1620-5386-4BE8-97FB-1254E57E843E}"
EndProject
Global
	GlobalSection(SolutionConfigurationPlatforms) = preSolution
		Debug|Any CPU = Debug|Any CPU
		Release|Any CPU = Release|Any CPU
	EndGlobalSection
	GlobalSection(ProjectConfigurationPlatforms) = postSolution
		{FD2B1620-5386-4BE8-97FB-1254E57E843E}.Debug|Any CPU.ActiveCfg = Debug|Any CPU
		{FD2B1620-5386-4BE8-97FB-1254E57E843E}.Debug|Any CPU.Build.0 = Debug|Any CPU
		{FD2B1620-5386-4BE8-97FB-1254E57E843E}.Release|Any CPU.ActiveCfg = Release|Any CPU
		{FD2B1620-5386-4BE8-97FB-1254E57E843E}.Release|Any CPU.Build.0 = Release|Any CPU
	EndGlobalSection
	GlobalSection(SolutionProperties) = preSolution
		HideSolutionNode = FALSE
	EndGlobalSection
	GlobalSection(ExtensibilityGlobals) = postSolution
		SolutionGuid = {48C766AA-B8CA-4257-AF1F-B189A208890D}
	EndGlobalSection
EndGlobal
